
Microsoft Visual Studio Solution File, Format Version 12.00
# Visual Studio Version 17
VisualStudioVersion = 17.1.32328.378
MinimumVisualStudioVersion = 10.0.40219.1
Project("{9A19103F-16F7-4668-BE54-9A1E7A4F7556}") = "BugInv.WebAssembly", "BugInv\BugInv.WebAssembly\BugInv.WebAssembly.csproj", "{403AB109-AAFA-449E-AC49-FA5F127CA6E2}"
EndProject
Project("{9A19103F-16F7-4668-BE54-9A1E7A4F7556}") = "BugInv.Shared", "BugInv\BugInv.Shared\BugInv.Shared.csproj", "{3513A7DE-AC45-47FE-A97C-E94EF90EE2CF}"
EndProject
Global
	GlobalSection(SolutionConfigurationPlatforms) = preSolution
		Debug|Any CPU = Debug|Any CPU
		Release|Any CPU = Release|Any CPU
	EndGlobalSection
	GlobalSection(ProjectConfigurationPlatforms) = postSolution
		{403AB109-AAFA-449E-AC49-FA5F127CA6E2}.Debug|Any CPU.ActiveCfg = Debug|Any CPU
		{403AB109-AAFA-449E-AC49-FA5F127CA6E2}.Debug|Any CPU.Build.0 = Debug|Any CPU
		{403AB109-AAFA-449E-AC49-FA5F127CA6E2}.Release|Any CPU.ActiveCfg = Release|Any CPU
		{403AB109-AAFA-449E-AC49-FA5F127CA6E2}.Release|Any CPU.Build.0 = Release|Any CPU
		{3513A7DE-AC45-47FE-A97C-E94EF90EE2CF}.Debug|Any CPU.ActiveCfg = Debug|Any CPU
		{3513A7DE-AC45-47FE-A97C-E94EF90EE2CF}.Debug|Any CPU.Build.0 = Debug|Any CPU
		{3513A7DE-AC45-47FE-A97C-E94EF90EE2CF}.Release|Any CPU.ActiveCfg = Release|Any CPU
		{3513A7DE-AC45-47FE-A97C-E94EF90EE2CF}.Release|Any CPU.Build.0 = Release|Any CPU
	EndGlobalSection
	GlobalSection(SolutionProperties) = preSolution
		HideSolutionNode = FALSE
	EndGlobalSection
	GlobalSection(ExtensibilityGlobals) = postSolution
		SolutionGuid = {4630E5E5-13F8-46AB-AA8D-3123FE629859}
	EndGlobalSection
EndGlobal
